{
  "originHash" : "8b2789b33ed26758c9f14da2358ef365cafdf8b78906d8210c536772f1ab590d",
  "pins" : [
    {
      "identity" : "swift-assertions",
      "kind" : "remoteSourceControl",
      "location" : "https://github.com/aetherealtech/swift-assertions",
      "state" : {
        "branch" : "master",
        "revision" : "651337bab5f9911e083cf445a5bbab4bfc753395"
      }
    },
    {
      "identity" : "swift-custom-dump",
      "kind" : "remoteSourceControl",
      "location" : "https://github.com/pointfreeco/swift-custom-dump",
      "state" : {
        "revision" : "82645ec760917961cfa08c9c0c7104a57a0fa4b1",
        "version" : "1.3.3"
      }
    },
    {
      "identity" : "swift-stubbing",
      "kind" : "remoteSourceControl",
      "location" : "https://github.com/aetherealtech/swift-stubbing",
      "state" : {
        "branch" : "master",
        "revision" : "77d8df15f6041b3e95011bbe75d93c56826f59ea"
      }
    },
    {
      "identity" : "swift-synchronization",
      "kind" : "remoteSourceControl",
      "location" : "https://github.com/aetherealtech/swift-synchronization",
      "state" : {
        "branch" : "master",
        "revision" : "d9162762c51a12e536b93089312a3cc0a2272ef9"
      }
    },
    {
      "identity" : "swift-syntax",
      "kind" : "remoteSourceControl",
      "location" : "https://github.com/apple/swift-syntax",
      "state" : {
        "revision" : "2bc86522d115234d1f588efe2bcb4ce4be8f8b82",
        "version" : "510.0.3"
      }
    },
    {
      "identity" : "xctest-dynamic-overlay",
      "kind" : "remoteSourceControl",
      "location" : "https://github.com/pointfreeco/xctest-dynamic-overlay",
      "state" : {
        "revision" : "27d767d643fa2cf083d0a73d74fa84cacb53e85c",
        "version" : "1.4.1"
      }
    }
  ],
  "version" : 3
}
