{
  "originHash" : "523816b15b8e7d3505dfd49f0afa4d03a2ea30212d1d85d86fd6c0b3a99d169e",
  "pins" : [
    {
      "identity" : "swift-assertions",
      "kind" : "remoteSourceControl",
      "location" : "https://github.com/aetherealtech/swift-assertions",
      "state" : {
        "branch" : "master",
        "revision" : "651337bab5f9911e083cf445a5bbab4bfc753395"
      }
    },
    {
      "identity" : "swift-backports",
      "kind" : "remoteSourceControl",
      "location" : "https://github.com/aetherealtech/swift-backports",
      "state" : {
        "branch" : "master",
        "revision" : "3592783200c14e0ada334545f76cd0dbc10f2174"
      }
    },
    {
      "identity" : "swift-custom-dump",
      "kind" : "remoteSourceControl",
      "location" : "https://github.com/pointfreeco/swift-custom-dump",
      "state" : {
        "revision" : "82645ec760917961cfa08c9c0c7104a57a0fa4b1",
        "version" : "1.3.3"
      }
    },
    {
      "identity" : "swift-stubbing",
      "kind" : "remoteSourceControl",
      "location" : "https://github.com/aetherealtech/swift-stubbing",
      "state" : {
        "branch" : "master",
        "revision" : "3dc35d7c20e516881d458d3af5c7f5359cc4c557"
      }
    },
    {
      "identity" : "swift-synchronization",
      "kind" : "remoteSourceControl",
      "location" : "https://github.com/aetherealtech/swift-synchronization",
      "state" : {
        "branch" : "master",
        "revision" : "d9162762c51a12e536b93089312a3cc0a2272ef9"
      }
    },
    {
      "identity" : "swift-syntax",
      "kind" : "remoteSourceControl",
      "location" : "https://github.com/apple/swift-syntax",
      "state" : {
        "revision" : "2bc86522d115234d1f588efe2bcb4ce4be8f8b82",
        "version" : "510.0.3"
      }
    },
    {
      "identity" : "xctest-dynamic-overlay",
      "kind" : "remoteSourceControl",
      "location" : "https://github.com/pointfreeco/xctest-dynamic-overlay",
      "state" : {
        "revision" : "27d767d643fa2cf083d0a73d74fa84cacb53e85c",
        "version" : "1.4.1"
      }
    }
  ],
  "version" : 3
}
