{
  "originHash" : "db2a39a1f446e5eabb46c088530977bc3c403032d50ec7abbfa622b1fc98733b",
  "pins" : [
    {
      "identity" : "swift-assertions",
      "kind" : "remoteSourceControl",
      "location" : "https://github.com/aetherealtech/swift-assertions",
      "state" : {
        "branch" : "master",
        "revision" : "a0c00dd92e5e7d010101643b54d0720a05f8542f"
      }
    },
    {
      "identity" : "swift-backports",
      "kind" : "remoteSourceControl",
      "location" : "https://github.com/aetherealtech/swift-backports",
      "state" : {
        "branch" : "master",
        "revision" : "6f286c24dfe550381caa4e3324f8746b4ccb5d5c"
      }
    },
    {
      "identity" : "swift-custom-dump",
      "kind" : "remoteSourceControl",
      "location" : "https://github.com/pointfreeco/swift-custom-dump",
      "state" : {
        "revision" : "3efbfba0e4e56c7187cc19137ee16b7c95346b79",
        "version" : "1.1.0"
      }
    },
    {
      "identity" : "swift-stubbing",
      "kind" : "remoteSourceControl",
      "location" : "https://github.com/aetherealtech/swift-stubbing",
      "state" : {
        "branch" : "master",
        "revision" : "7945d06a880b44bd2720bf8f703284c78c66c95e"
      }
    },
    {
      "identity" : "swift-synchronization",
      "kind" : "remoteSourceControl",
      "location" : "https://github.com/aetherealtech/swift-synchronization",
      "state" : {
        "branch" : "master",
        "revision" : "3b0873158485426e5c8e2daaeb19d5cc9802296a"
      }
    },
    {
      "identity" : "swift-syntax",
      "kind" : "remoteSourceControl",
      "location" : "https://github.com/apple/swift-syntax",
      "state" : {
        "revision" : "2bc86522d115234d1f588efe2bcb4ce4be8f8b82",
        "version" : "510.0.3"
      }
    },
    {
      "identity" : "xctest-dynamic-overlay",
      "kind" : "remoteSourceControl",
      "location" : "https://github.com/pointfreeco/xctest-dynamic-overlay",
      "state" : {
        "revision" : "23cbf2294e350076ea4dbd7d5d047c1e76b03631",
        "version" : "1.0.2"
      }
    }
  ],
  "version" : 3
}
